
Microsoft Visual Studio Solution File, Format Version 12.00
# Visual Studio Version 16
VisualStudioVersion = 16.0.28711.60
MinimumVisualStudioVersion = 10.0.40219.1
Project("{FAE04EC0-301F-11D3-BF4B-00C04F79EFBC}") = "AsyncIrbis", "AsyncIrbis\AsyncIrbis.csproj", "{D61009A3-C0AD-49E0-815C-1BEBF19BA5CD}"
EndProject
Global
	GlobalSection(SolutionConfigurationPlatforms) = preSolution
		Debug|Any CPU = Debug|Any CPU
		Release|Any CPU = Release|Any CPU
	EndGlobalSection
	GlobalSection(ProjectConfigurationPlatforms) = postSolution
		{D61009A3-C0AD-49E0-815C-1BEBF19BA5CD}.Debug|Any CPU.ActiveCfg = Debug|Any CPU
		{D61009A3-C0AD-49E0-815C-1BEBF19BA5CD}.Debug|Any CPU.Build.0 = Debug|Any CPU
		{D61009A3-C0AD-49E0-815C-1BEBF19BA5CD}.Release|Any CPU.ActiveCfg = Release|Any CPU
		{D61009A3-C0AD-49E0-815C-1BEBF19BA5CD}.Release|Any CPU.Build.0 = Release|Any CPU
	EndGlobalSection
	GlobalSection(SolutionProperties) = preSolution
		HideSolutionNode = FALSE
	EndGlobalSection
	GlobalSection(ExtensibilityGlobals) = postSolution
		SolutionGuid = {C27012C0-2E3A-4BD7-8396-8C8B57DCD598}
	EndGlobalSection
EndGlobal
